
Microsoft Visual Studio Solution File, Format Version 12.00
# Visual Studio Version 16
VisualStudioVersion = 16.0.31515.178
MinimumVisualStudioVersion = 10.0.40219.1
Project("{FAE04EC0-301F-11D3-BF4B-00C04F79EFBC}") = "NTUWebApi", "NTUWebApi.csproj", "{53A4CC89-0DE0-4A57-B66C-7C6B818EB798}"
EndProject
Global
	GlobalSection(SolutionConfigurationPlatforms) = preSolution
		Debug|Any CPU = Debug|Any CPU
		Release|Any CPU = Release|Any CPU
	EndGlobalSection
	GlobalSection(ProjectConfigurationPlatforms) = postSolution
		{53A4CC89-0DE0-4A57-B66C-7C6B818EB798}.Debug|Any CPU.ActiveCfg = Debug|Any CPU
		{53A4CC89-0DE0-4A57-B66C-7C6B818EB798}.Debug|Any CPU.Build.0 = Debug|Any CPU
		{53A4CC89-0DE0-4A57-B66C-7C6B818EB798}.Release|Any CPU.ActiveCfg = Release|Any CPU
		{53A4CC89-0DE0-4A57-B66C-7C6B818EB798}.Release|Any CPU.Build.0 = Release|Any CPU
	EndGlobalSection
	GlobalSection(SolutionProperties) = preSolution
		HideSolutionNode = FALSE
	EndGlobalSection
	GlobalSection(ExtensibilityGlobals) = postSolution
		SolutionGuid = {F19CA72D-006F-40B1-AA75-347777FE0331}
	EndGlobalSection
EndGlobal
